
Microsoft Visual Studio Solution File, Format Version 12.00
# Visual Studio Version 17
VisualStudioVersion = 17.7.34031.279
MinimumVisualStudioVersion = 10.0.40219.1
Project("{8BC9CEB8-8B4A-11D0-8D11-00A0C91BC942}") = "sfml2", "sfml2.vcxproj", "{B40131B4-372E-432F-89AB-77ACD30E616E}"
EndProject
Global
	GlobalSection(SolutionConfigurationPlatforms) = preSolution
		Debug|x64 = Debug|x64
		Debug|x86 = Debug|x86
		Release|x64 = Release|x64
		Release|x86 = Release|x86
	EndGlobalSection
	GlobalSection(ProjectConfigurationPlatforms) = postSolution
		{B40131B4-372E-432F-89AB-77ACD30E616E}.Debug|x64.ActiveCfg = Debug|x64
		{B40131B4-372E-432F-89AB-77ACD30E616E}.Debug|x64.Build.0 = Debug|x64
		{B40131B4-372E-432F-89AB-77ACD30E616E}.Debug|x86.ActiveCfg = Debug|Win32
		{B40131B4-372E-432F-89AB-77ACD30E616E}.Debug|x86.Build.0 = Debug|Win32
		{B40131B4-372E-432F-89AB-77ACD30E616E}.Release|x64.ActiveCfg = Release|x64
		{B40131B4-372E-432F-89AB-77ACD30E616E}.Release|x64.Build.0 = Release|x64
		{B40131B4-372E-432F-89AB-77ACD30E616E}.Release|x86.ActiveCfg = Release|Win32
		{B40131B4-372E-432F-89AB-77ACD30E616E}.Release|x86.Build.0 = Release|Win32
	EndGlobalSection
	GlobalSection(SolutionProperties) = preSolution
		HideSolutionNode = FALSE
	EndGlobalSection
	GlobalSection(ExtensibilityGlobals) = postSolution
		SolutionGuid = {975D79B6-7D16-4144-B084-AA6FFCFE07F7}
	EndGlobalSection
EndGlobal
